
Microsoft Visual Studio Solution File, Format Version 12.00
# Visual Studio Version 16
VisualStudioVersion = 16.0.32228.343
MinimumVisualStudioVersion = 10.0.40219.1
Project("{F184B08F-C81C-45F6-A57F-5ABD9991F28F}") = "Login Form", "Login Form\Login Form.vbproj", "{179586C0-75C6-44B8-ACD3-0975FD516065}"
EndProject
Global
	GlobalSection(SolutionConfigurationPlatforms) = preSolution
		Debug|Any CPU = Debug|Any CPU
		Release|Any CPU = Release|Any CPU
	EndGlobalSection
	GlobalSection(ProjectConfigurationPlatforms) = postSolution
		{179586C0-75C6-44B8-ACD3-0975FD516065}.Debug|Any CPU.ActiveCfg = Debug|Any CPU
		{179586C0-75C6-44B8-ACD3-0975FD516065}.Debug|Any CPU.Build.0 = Debug|Any CPU
		{179586C0-75C6-44B8-ACD3-0975FD516065}.Release|Any CPU.ActiveCfg = Release|Any CPU
		{179586C0-75C6-44B8-ACD3-0975FD516065}.Release|Any CPU.Build.0 = Release|Any CPU
	EndGlobalSection
	GlobalSection(SolutionProperties) = preSolution
		HideSolutionNode = FALSE
	EndGlobalSection
	GlobalSection(ExtensibilityGlobals) = postSolution
		SolutionGuid = {CD6C59EF-3159-4D2F-BD3B-4BB434E5C313}
	EndGlobalSection
EndGlobal
